
Microsoft Visual Studio Solution File, Format Version 12.00
# Visual Studio 14
VisualStudioVersion = 14.0.25420.1
MinimumVisualStudioVersion = 10.0.40219.1
Project("{2150E333-8FDC-42A3-9474-1A3956D46DE8}") = "src", "src", "{909471AA-3855-46CF-A663-68F94598C38E}"
EndProject
Project("{2150E333-8FDC-42A3-9474-1A3956D46DE8}") = "Solution Items", "Solution Items", "{A98BACB0-9DA4-43A6-9496-7A7EB5240A2A}"
	ProjectSection(SolutionItems) = preProject
		global.json = global.json
	EndProjectSection
EndProject
Project("{8BB2217D-0F2D-49D1-97BC-3654ED321F3B}") = "Hax2", "src\Hax2\Hax2.xproj", "{EBECBB11-FA35-48D7-AB74-0134D4539DC1}"
EndProject
Global
	GlobalSection(SolutionConfigurationPlatforms) = preSolution
		Debug|Any CPU = Debug|Any CPU
		Release|Any CPU = Release|Any CPU
	EndGlobalSection
	GlobalSection(ProjectConfigurationPlatforms) = postSolution
		{EBECBB11-FA35-48D7-AB74-0134D4539DC1}.Debug|Any CPU.ActiveCfg = Debug|Any CPU
		{EBECBB11-FA35-48D7-AB74-0134D4539DC1}.Debug|Any CPU.Build.0 = Debug|Any CPU
		{EBECBB11-FA35-48D7-AB74-0134D4539DC1}.Release|Any CPU.ActiveCfg = Release|Any CPU
		{EBECBB11-FA35-48D7-AB74-0134D4539DC1}.Release|Any CPU.Build.0 = Release|Any CPU
	EndGlobalSection
	GlobalSection(SolutionProperties) = preSolution
		HideSolutionNode = FALSE
	EndGlobalSection
	GlobalSection(NestedProjects) = preSolution
		{EBECBB11-FA35-48D7-AB74-0134D4539DC1} = {909471AA-3855-46CF-A663-68F94598C38E}
	EndGlobalSection
EndGlobal
